// !$*UTF8*$!
{
	archiveVersion = 1;
	classes = {
	};
	objectVersion = 56;
	objects = {

/* Begin PBXBuildFile section */
		6FE6D2012AA040A4002CFD2F /* CardinalApp.swift in Sources */ = {isa = PBXBuildFile; fileRef = 6FE6D2002AA040A4002CFD2F /* CardinalApp.swift */; };
		6FE6D2032AA040A4002CFD2F /* ContentView.swift in Sources */ = {isa = PBXBuildFile; fileRef = 6FE6D2022AA040A4002CFD2F /* ContentView.swift */; };
		6FE6D2052AA040A5002CFD2F /* Assets.xcassets in Resources */ = {isa = PBXBuildFile; fileRef = 6FE6D2042AA040A5002CFD2F /* Assets.xcassets */; };
		6FE6D2082AA040A5002CFD2F /* Preview Assets.xcassets in Resources */ = {isa = PBXBuildFile; fileRef = 6FE6D2072AA040A5002CFD2F /* Preview Assets.xcassets */; };
		6FE6D2152AA040E3002CFD2F /* MacDirtyCowSwift.swift in Sources */ = {isa = PBXBuildFile; fileRef = 6FE6D2142AA040E3002CFD2F /* MacDirtyCowSwift.swift */; };
		6FE6D2222AA040FD002CFD2F /* vm_unaligned_copy_switch_race.c in Sources */ = {isa = PBXBuildFile; fileRef = 6FE6D21B2AA040FC002CFD2F /* vm_unaligned_copy_switch_race.c */; };
		6FE6D2232AA040FD002CFD2F /* grant_full_disk_access.m in Sources */ = {isa = PBXBuildFile; fileRef = 6FE6D21C2AA040FC002CFD2F /* grant_full_disk_access.m */; };
		6FE6D2242AA040FD002CFD2F /* helpers.m in Sources */ = {isa = PBXBuildFile; fileRef = 6FE6D21D2AA040FC002CFD2F /* helpers.m */; };
		6FE6D2252AA040FD002CFD2F /* Wrappers.swift in Sources */ = {isa = PBXBuildFile; fileRef = 6FE6D2212AA040FD002CFD2F /* Wrappers.swift */; };
		6FE6D22A2AA0CBB8002CFD2F /* libMacDirtyCowSwift.a in Frameworks */ = {isa = PBXBuildFile; fileRef = 6FE6D2122AA040E3002CFD2F /* libMacDirtyCowSwift.a */; };
		6FE6D22E2AA0CBFB002CFD2F /* CardView.swift in Sources */ = {isa = PBXBuildFile; fileRef = 6FE6D22D2AA0CBFB002CFD2F /* CardView.swift */; };
		6FE6D2302AA0CD1C002CFD2F /* ImagePickerView.swift in Sources */ = {isa = PBXBuildFile; fileRef = 6FE6D22F2AA0CD1B002CFD2F /* ImagePickerView.swift */; };
		6FE6D2322AA0CD7C002CFD2F /* MainCardController.swift in Sources */ = {isa = PBXBuildFile; fileRef = 6FE6D2312AA0CD7C002CFD2F /* MainCardController.swift */; };
		6FE6D2352AA0D45C002CFD2F /* ACarousel in Frameworks */ = {isa = PBXBuildFile; productRef = 6FE6D2342AA0D45C002CFD2F /* ACarousel */; };
		6FE6D2372AA0D690002CFD2F /* Alert++.swift in Sources */ = {isa = PBXBuildFile; fileRef = 6FE6D2362AA0D690002CFD2F /* Alert++.swift */; };
		6FE6D2632AA0FF59002CFD2F /* fun.m in Sources */ = {isa = PBXBuildFile; fileRef = 6FE6D2532AA0FF59002CFD2F /* fun.m */; };
		6FE6D2642AA0FF59002CFD2F /* vm_unaligned_copy_switch_race.c in Sources */ = {isa = PBXBuildFile; fileRef = 6FE6D2542AA0FF59002CFD2F /* vm_unaligned_copy_switch_race.c */; };
		6FE6D2652AA0FF59002CFD2F /* grant_full_disk_access.m in Sources */ = {isa = PBXBuildFile; fileRef = 6FE6D2552AA0FF59002CFD2F /* grant_full_disk_access.m */; };
		6FE6D2662AA0FF59002CFD2F /* helpers.m in Sources */ = {isa = PBXBuildFile; fileRef = 6FE6D2562AA0FF59002CFD2F /* helpers.m */; };
		6FE6D2672AA0FF59002CFD2F /* utils.m in Sources */ = {isa = PBXBuildFile; fileRef = 6FE6D2572AA0FF59002CFD2F /* utils.m */; };
		6FE6D2682AA0FF59002CFD2F /* thanks_opa334dev_htrowii.m in Sources */ = {isa = PBXBuildFile; fileRef = 6FE6D2582AA0FF59002CFD2F /* thanks_opa334dev_htrowii.m */; };
		6FE6D2692AA0FF59002CFD2F /* krw.c in Sources */ = {isa = PBXBuildFile; fileRef = 6FE6D2592AA0FF59002CFD2F /* krw.c */; };
		6FE6D26A2AA0FF59002CFD2F /* offsets.m in Sources */ = {isa = PBXBuildFile; fileRef = 6FE6D25A2AA0FF59002CFD2F /* offsets.m */; };
		6FE6D26C2AA0FF59002CFD2F /* vnode.m in Sources */ = {isa = PBXBuildFile; fileRef = 6FE6D25C2AA0FF59002CFD2F /* vnode.m */; };
		6FE6D26D2AA0FF59002CFD2F /* proc.c in Sources */ = {isa = PBXBuildFile; fileRef = 6FE6D25D2AA0FF59002CFD2F /* proc.c */; };
/* End PBXBuildFile section */

/* Begin PBXContainerItemProxy section */
		6FE6D22B2AA0CBB8002CFD2F /* PBXContainerItemProxy */ = {
			isa = PBXContainerItemProxy;
			containerPortal = 6FE6D1F52AA040A4002CFD2F /* Project object */;
			proxyType = 1;
			remoteGlobalIDString = 6FE6D2112AA040E3002CFD2F;
			remoteInfo = MacDirtyCowSwift;
		};
/* End PBXContainerItemProxy section */

/* Begin PBXCopyFilesBuildPhase section */
		6FE6D2102AA040E3002CFD2F /* CopyFiles */ = {
			isa = PBXCopyFilesBuildPhase;
			buildActionMask = 2147483647;
			dstPath = "include/$(PRODUCT_NAME)";
			dstSubfolderSpec = 16;
			files = (
			);
			runOnlyForDeploymentPostprocessing = 0;
		};
/* End PBXCopyFilesBuildPhase section */

/* Begin PBXFileReference section */
		6FE6D1FD2AA040A4002CFD2F /* Cardinal.app */ = {isa = PBXFileReference; explicitFileType = wrapper.application; includeInIndex = 0; path = Cardinal.app; sourceTree = BUILT_PRODUCTS_DIR; };
		6FE6D2002AA040A4002CFD2F /* CardinalApp.swift */ = {isa = PBXFileReference; lastKnownFileType = sourcecode.swift; path = CardinalApp.swift; sourceTree = "<group>"; };
		6FE6D2022AA040A4002CFD2F /* ContentView.swift */ = {isa = PBXFileReference; lastKnownFileType = sourcecode.swift; path = ContentView.swift; sourceTree = "<group>"; };
		6FE6D2042AA040A5002CFD2F /* Assets.xcassets */ = {isa = PBXFileReference; lastKnownFileType = folder.assetcatalog; path = Assets.xcassets; sourceTree = "<group>"; };
		6FE6D2072AA040A5002CFD2F /* Preview Assets.xcassets */ = {isa = PBXFileReference; lastKnownFileType = folder.assetcatalog; path = "Preview Assets.xcassets"; sourceTree = "<group>"; };
		6FE6D2122AA040E3002CFD2F /* libMacDirtyCowSwift.a */ = {isa = PBXFileReference; explicitFileType = archive.ar; includeInIndex = 0; path = libMacDirtyCowSwift.a; sourceTree = BUILT_PRODUCTS_DIR; };
		6FE6D2142AA040E3002CFD2F /* MacDirtyCowSwift.swift */ = {isa = PBXFileReference; lastKnownFileType = sourcecode.swift; path = MacDirtyCowSwift.swift; sourceTree = "<group>"; };
		6FE6D2192AA040FC002CFD2F /* MacDirtyCowSwift-Bridging-Header.h */ = {isa = PBXFileReference; fileEncoding = 4; lastKnownFileType = sourcecode.c.h; path = "MacDirtyCowSwift-Bridging-Header.h"; sourceTree = "<group>"; };
		6FE6D21B2AA040FC002CFD2F /* vm_unaligned_copy_switch_race.c */ = {isa = PBXFileReference; fileEncoding = 4; lastKnownFileType = sourcecode.c.c; path = vm_unaligned_copy_switch_race.c; sourceTree = "<group>"; };
		6FE6D21C2AA040FC002CFD2F /* grant_full_disk_access.m */ = {isa = PBXFileReference; fileEncoding = 4; lastKnownFileType = sourcecode.c.objc; path = grant_full_disk_access.m; sourceTree = "<group>"; };
		6FE6D21D2AA040FC002CFD2F /* helpers.m */ = {isa = PBXFileReference; fileEncoding = 4; lastKnownFileType = sourcecode.c.objc; path = helpers.m; sourceTree = "<group>"; };
		6FE6D21E2AA040FC002CFD2F /* vm_unaligned_copy_switch_race.h */ = {isa = PBXFileReference; fileEncoding = 4; lastKnownFileType = sourcecode.c.h; path = vm_unaligned_copy_switch_race.h; sourceTree = "<group>"; };
		6FE6D21F2AA040FC002CFD2F /* helpers.h */ = {isa = PBXFileReference; fileEncoding = 4; lastKnownFileType = sourcecode.c.h; path = helpers.h; sourceTree = "<group>"; };
		6FE6D2202AA040FC002CFD2F /* grant_full_disk_access.h */ = {isa = PBXFileReference; fileEncoding = 4; lastKnownFileType = sourcecode.c.h; path = grant_full_disk_access.h; sourceTree = "<group>"; };
		6FE6D2212AA040FD002CFD2F /* Wrappers.swift */ = {isa = PBXFileReference; fileEncoding = 4; lastKnownFileType = sourcecode.swift; path = Wrappers.swift; sourceTree = "<group>"; };
		6FE6D22D2AA0CBFB002CFD2F /* CardView.swift */ = {isa = PBXFileReference; lastKnownFileType = sourcecode.swift; path = CardView.swift; sourceTree = "<group>"; };
		6FE6D22F2AA0CD1B002CFD2F /* ImagePickerView.swift */ = {isa = PBXFileReference; lastKnownFileType = sourcecode.swift; path = ImagePickerView.swift; sourceTree = "<group>"; };
		6FE6D2312AA0CD7C002CFD2F /* MainCardController.swift */ = {isa = PBXFileReference; lastKnownFileType = sourcecode.swift; path = MainCardController.swift; sourceTree = "<group>"; };
		6FE6D2362AA0D690002CFD2F /* Alert++.swift */ = {isa = PBXFileReference; lastKnownFileType = sourcecode.swift; path = "Alert++.swift"; sourceTree = "<group>"; };
		6FE6D23A2AA0FF59002CFD2F /* krkw.h */ = {isa = PBXFileReference; fileEncoding = 4; lastKnownFileType = sourcecode.c.h; path = krkw.h; sourceTree = "<group>"; };
		6FE6D23D2AA0FF59002CFD2F /* kread_sem_open.h */ = {isa = PBXFileReference; fileEncoding = 4; lastKnownFileType = sourcecode.c.h; path = kread_sem_open.h; sourceTree = "<group>"; };
		6FE6D23E2AA0FF59002CFD2F /* kread_kqueue_workloop_ctl.h */ = {isa = PBXFileReference; fileEncoding = 4; lastKnownFileType = sourcecode.c.h; path = kread_kqueue_workloop_ctl.h; sourceTree = "<group>"; };
		6FE6D2402AA0FF59002CFD2F /* kwrite_sem_open.h */ = {isa = PBXFileReference; fileEncoding = 4; lastKnownFileType = sourcecode.c.h; path = kwrite_sem_open.h; sourceTree = "<group>"; };
		6FE6D2412AA0FF59002CFD2F /* kwrite_dup.h */ = {isa = PBXFileReference; fileEncoding = 4; lastKnownFileType = sourcecode.c.h; path = kwrite_dup.h; sourceTree = "<group>"; };
		6FE6D2432AA0FF59002CFD2F /* static_info.h */ = {isa = PBXFileReference; fileEncoding = 4; lastKnownFileType = sourcecode.c.h; path = static_info.h; sourceTree = "<group>"; };
		6FE6D2442AA0FF59002CFD2F /* dynamic_info.h */ = {isa = PBXFileReference; fileEncoding = 4; lastKnownFileType = sourcecode.c.h; path = dynamic_info.h; sourceTree = "<group>"; };
		6FE6D2452AA0FF59002CFD2F /* puaf.h */ = {isa = PBXFileReference; fileEncoding = 4; lastKnownFileType = sourcecode.c.h; path = puaf.h; sourceTree = "<group>"; };
		6FE6D2462AA0FF59002CFD2F /* common.h */ = {isa = PBXFileReference; fileEncoding = 4; lastKnownFileType = sourcecode.c.h; path = common.h; sourceTree = "<group>"; };
		6FE6D2482AA0FF59002CFD2F /* smith.h */ = {isa = PBXFileReference; fileEncoding = 4; lastKnownFileType = sourcecode.c.h; path = smith.h; sourceTree = "<group>"; };
		6FE6D2492AA0FF59002CFD2F /* physpuppet.h */ = {isa = PBXFileReference; fileEncoding = 4; lastKnownFileType = sourcecode.c.h; path = physpuppet.h; sourceTree = "<group>"; };
		6FE6D24A2AA0FF59002CFD2F /* perf.h */ = {isa = PBXFileReference; fileEncoding = 4; lastKnownFileType = sourcecode.c.h; path = perf.h; sourceTree = "<group>"; };
		6FE6D24B2AA0FF59002CFD2F /* info.h */ = {isa = PBXFileReference; fileEncoding = 4; lastKnownFileType = sourcecode.c.h; path = info.h; sourceTree = "<group>"; };
		6FE6D24D2AA0FF59002CFD2F /* thanks_opa334dev_htrowii.h */ = {isa = PBXFileReference; fileEncoding = 4; lastKnownFileType = sourcecode.c.h; path = thanks_opa334dev_htrowii.h; sourceTree = "<group>"; };
		6FE6D24E2AA0FF59002CFD2F /* utils.h */ = {isa = PBXFileReference; fileEncoding = 4; lastKnownFileType = sourcecode.c.h; path = utils.h; sourceTree = "<group>"; };
		6FE6D24F2AA0FF59002CFD2F /* vnode.h */ = {isa = PBXFileReference; fileEncoding = 4; lastKnownFileType = sourcecode.c.h; path = vnode.h; sourceTree = "<group>"; };
		6FE6D2502AA0FF59002CFD2F /* proc.h */ = {isa = PBXFileReference; fileEncoding = 4; lastKnownFileType = sourcecode.c.h; path = proc.h; sourceTree = "<group>"; };
		6FE6D2512AA0FF59002CFD2F /* offsets.h */ = {isa = PBXFileReference; fileEncoding = 4; lastKnownFileType = sourcecode.c.h; path = offsets.h; sourceTree = "<group>"; };
		6FE6D2522AA0FF59002CFD2F /* krw.h */ = {isa = PBXFileReference; fileEncoding = 4; lastKnownFileType = sourcecode.c.h; path = krw.h; sourceTree = "<group>"; };
		6FE6D2532AA0FF59002CFD2F /* fun.m */ = {isa = PBXFileReference; fileEncoding = 4; lastKnownFileType = sourcecode.c.objc; path = fun.m; sourceTree = "<group>"; };
		6FE6D2542AA0FF59002CFD2F /* vm_unaligned_copy_switch_race.c */ = {isa = PBXFileReference; fileEncoding = 4; lastKnownFileType = sourcecode.c.c; path = vm_unaligned_copy_switch_race.c; sourceTree = "<group>"; };
		6FE6D2552AA0FF59002CFD2F /* grant_full_disk_access.m */ = {isa = PBXFileReference; fileEncoding = 4; lastKnownFileType = sourcecode.c.objc; path = grant_full_disk_access.m; sourceTree = "<group>"; };
		6FE6D2562AA0FF59002CFD2F /* helpers.m */ = {isa = PBXFileReference; fileEncoding = 4; lastKnownFileType = sourcecode.c.objc; path = helpers.m; sourceTree = "<group>"; };
		6FE6D2572AA0FF59002CFD2F /* utils.m */ = {isa = PBXFileReference; fileEncoding = 4; lastKnownFileType = sourcecode.c.objc; path = utils.m; sourceTree = "<group>"; };
		6FE6D2582AA0FF59002CFD2F /* thanks_opa334dev_htrowii.m */ = {isa = PBXFileReference; fileEncoding = 4; lastKnownFileType = sourcecode.c.objc; path = thanks_opa334dev_htrowii.m; sourceTree = "<group>"; };
		6FE6D2592AA0FF59002CFD2F /* krw.c */ = {isa = PBXFileReference; fileEncoding = 4; lastKnownFileType = sourcecode.c.c; path = krw.c; sourceTree = "<group>"; };
		6FE6D25A2AA0FF59002CFD2F /* offsets.m */ = {isa = PBXFileReference; fileEncoding = 4; lastKnownFileType = sourcecode.c.objc; path = offsets.m; sourceTree = "<group>"; };
		6FE6D25B2AA0FF59002CFD2F /* vnode.c */ = {isa = PBXFileReference; fileEncoding = 4; lastKnownFileType = sourcecode.c.c; path = vnode.c; sourceTree = "<group>"; };
		6FE6D25C2AA0FF59002CFD2F /* vnode.m */ = {isa = PBXFileReference; fileEncoding = 4; lastKnownFileType = sourcecode.c.objc; path = vnode.m; sourceTree = "<group>"; };
		6FE6D25D2AA0FF59002CFD2F /* proc.c */ = {isa = PBXFileReference; fileEncoding = 4; lastKnownFileType = sourcecode.c.c; path = proc.c; sourceTree = "<group>"; };
		6FE6D25E2AA0FF59002CFD2F /* fun.h */ = {isa = PBXFileReference; fileEncoding = 4; lastKnownFileType = sourcecode.c.h; path = fun.h; sourceTree = "<group>"; };
		6FE6D25F2AA0FF59002CFD2F /* vm_unaligned_copy_switch_race.h */ = {isa = PBXFileReference; fileEncoding = 4; lastKnownFileType = sourcecode.c.h; path = vm_unaligned_copy_switch_race.h; sourceTree = "<group>"; };
		6FE6D2602AA0FF59002CFD2F /* helpers.h */ = {isa = PBXFileReference; fileEncoding = 4; lastKnownFileType = sourcecode.c.h; path = helpers.h; sourceTree = "<group>"; };
		6FE6D2612AA0FF59002CFD2F /* grant_full_disk_access.h */ = {isa = PBXFileReference; fileEncoding = 4; lastKnownFileType = sourcecode.c.h; path = grant_full_disk_access.h; sourceTree = "<group>"; };
		6FE6D2622AA0FF59002CFD2F /* libkfd.h */ = {isa = PBXFileReference; fileEncoding = 4; lastKnownFileType = sourcecode.c.h; path = libkfd.h; sourceTree = "<group>"; };
		6FE6D26E2AA0FF98002CFD2F /* Cardinal-Bridging-Header.h */ = {isa = PBXFileReference; lastKnownFileType = sourcecode.c.h; path = "Cardinal-Bridging-Header.h"; sourceTree = "<group>"; };
/* End PBXFileReference section */

/* Begin PBXFrameworksBuildPhase section */
		6FE6D1FA2AA040A4002CFD2F /* Frameworks */ = {
			isa = PBXFrameworksBuildPhase;
			buildActionMask = 2147483647;
			files = (
				6FE6D2352AA0D45C002CFD2F /* ACarousel in Frameworks */,
				6FE6D22A2AA0CBB8002CFD2F /* libMacDirtyCowSwift.a in Frameworks */,
			);
			runOnlyForDeploymentPostprocessing = 0;
		};
		6FE6D20F2AA040E3002CFD2F /* Frameworks */ = {
			isa = PBXFrameworksBuildPhase;
			buildActionMask = 2147483647;
			files = (
			);
			runOnlyForDeploymentPostprocessing = 0;
		};
/* End PBXFrameworksBuildPhase section */

/* Begin PBXGroup section */
		6FE6D1F42AA040A4002CFD2F = {
			isa = PBXGroup;
			children = (
				6FE6D1FF2AA040A4002CFD2F /* Cardinal */,
				6FE6D2132AA040E3002CFD2F /* MacDirtyCowSwift */,
				6FE6D1FE2AA040A4002CFD2F /* Products */,
				6FE6D2292AA0CBB8002CFD2F /* Frameworks */,
			);
			sourceTree = "<group>";
		};
		6FE6D1FE2AA040A4002CFD2F /* Products */ = {
			isa = PBXGroup;
			children = (
				6FE6D1FD2AA040A4002CFD2F /* Cardinal.app */,
				6FE6D2122AA040E3002CFD2F /* libMacDirtyCowSwift.a */,
			);
			name = Products;
			sourceTree = "<group>";
		};
		6FE6D1FF2AA040A4002CFD2F /* Cardinal */ = {
			isa = PBXGroup;
			children = (
				6FE6D2272AA0CB55002CFD2F /* Controllers */,
				6FE6D2382AA0FF59002CFD2F /* Exploit */,
				6FE6D2282AA0CB5A002CFD2F /* Extensions */,
				6FE6D2262AA0CB4F002CFD2F /* Views */,
				6FE6D2002AA040A4002CFD2F /* CardinalApp.swift */,
				6FE6D2042AA040A5002CFD2F /* Assets.xcassets */,
				6FE6D2062AA040A5002CFD2F /* Preview Content */,
				6FE6D26E2AA0FF98002CFD2F /* Cardinal-Bridging-Header.h */,
			);
			path = Cardinal;
			sourceTree = "<group>";
		};
		6FE6D2062AA040A5002CFD2F /* Preview Content */ = {
			isa = PBXGroup;
			children = (
				6FE6D2072AA040A5002CFD2F /* Preview Assets.xcassets */,
			);
			path = "Preview Content";
			sourceTree = "<group>";
		};
		6FE6D2132AA040E3002CFD2F /* MacDirtyCowSwift */ = {
			isa = PBXGroup;
			children = (
				6FE6D21A2AA040FC002CFD2F /* Exploit */,
				6FE6D2192AA040FC002CFD2F /* MacDirtyCowSwift-Bridging-Header.h */,
				6FE6D2212AA040FD002CFD2F /* Wrappers.swift */,
				6FE6D2142AA040E3002CFD2F /* MacDirtyCowSwift.swift */,
			);
			path = MacDirtyCowSwift;
			sourceTree = "<group>";
		};
		6FE6D21A2AA040FC002CFD2F /* Exploit */ = {
			isa = PBXGroup;
			children = (
				6FE6D21B2AA040FC002CFD2F /* vm_unaligned_copy_switch_race.c */,
				6FE6D21C2AA040FC002CFD2F /* grant_full_disk_access.m */,
				6FE6D21D2AA040FC002CFD2F /* helpers.m */,
				6FE6D21E2AA040FC002CFD2F /* vm_unaligned_copy_switch_race.h */,
				6FE6D21F2AA040FC002CFD2F /* helpers.h */,
				6FE6D2202AA040FC002CFD2F /* grant_full_disk_access.h */,
			);
			path = Exploit;
			sourceTree = "<group>";
		};
		6FE6D2262AA0CB4F002CFD2F /* Views */ = {
			isa = PBXGroup;
			children = (
				6FE6D2022AA040A4002CFD2F /* ContentView.swift */,
				6FE6D22D2AA0CBFB002CFD2F /* CardView.swift */,
				6FE6D22F2AA0CD1B002CFD2F /* ImagePickerView.swift */,
			);
			path = Views;
			sourceTree = "<group>";
		};
		6FE6D2272AA0CB55002CFD2F /* Controllers */ = {
			isa = PBXGroup;
			children = (
				6FE6D2312AA0CD7C002CFD2F /* MainCardController.swift */,
			);
			path = Controllers;
			sourceTree = "<group>";
		};
		6FE6D2282AA0CB5A002CFD2F /* Extensions */ = {
			isa = PBXGroup;
			children = (
				6FE6D2362AA0D690002CFD2F /* Alert++.swift */,
			);
			path = Extensions;
			sourceTree = "<group>";
		};
		6FE6D2292AA0CBB8002CFD2F /* Frameworks */ = {
			isa = PBXGroup;
			children = (
			);
			name = Frameworks;
			sourceTree = "<group>";
		};
		6FE6D2382AA0FF59002CFD2F /* Exploit */ = {
			isa = PBXGroup;
			children = (
				6FE6D2392AA0FF59002CFD2F /* libkfd */,
				6FE6D24C2AA0FF59002CFD2F /* fun */,
				6FE6D2622AA0FF59002CFD2F /* libkfd.h */,
			);
			path = Exploit;
			sourceTree = "<group>";
		};
		6FE6D2392AA0FF59002CFD2F /* libkfd */ = {
			isa = PBXGroup;
			children = (
				6FE6D23A2AA0FF59002CFD2F /* krkw.h */,
				6FE6D23B2AA0FF59002CFD2F /* krkw */,
				6FE6D2422AA0FF59002CFD2F /* info */,
				6FE6D2452AA0FF59002CFD2F /* puaf.h */,
				6FE6D2462AA0FF59002CFD2F /* common.h */,
				6FE6D2472AA0FF59002CFD2F /* puaf */,
				6FE6D24A2AA0FF59002CFD2F /* perf.h */,
				6FE6D24B2AA0FF59002CFD2F /* info.h */,
			);
			path = libkfd;
			sourceTree = "<group>";
		};
		6FE6D23B2AA0FF59002CFD2F /* krkw */ = {
			isa = PBXGroup;
			children = (
				6FE6D23C2AA0FF59002CFD2F /* kread */,
				6FE6D23F2AA0FF59002CFD2F /* kwrite */,
			);
			path = krkw;
			sourceTree = "<group>";
		};
		6FE6D23C2AA0FF59002CFD2F /* kread */ = {
			isa = PBXGroup;
			children = (
				6FE6D23D2AA0FF59002CFD2F /* kread_sem_open.h */,
				6FE6D23E2AA0FF59002CFD2F /* kread_kqueue_workloop_ctl.h */,
			);
			path = kread;
			sourceTree = "<group>";
		};
		6FE6D23F2AA0FF59002CFD2F /* kwrite */ = {
			isa = PBXGroup;
			children = (
				6FE6D2402AA0FF59002CFD2F /* kwrite_sem_open.h */,
				6FE6D2412AA0FF59002CFD2F /* kwrite_dup.h */,
			);
			path = kwrite;
			sourceTree = "<group>";
		};
		6FE6D2422AA0FF59002CFD2F /* info */ = {
			isa = PBXGroup;
			children = (
				6FE6D2432AA0FF59002CFD2F /* static_info.h */,
				6FE6D2442AA0FF59002CFD2F /* dynamic_info.h */,
			);
			path = info;
			sourceTree = "<group>";
		};
		6FE6D2472AA0FF59002CFD2F /* puaf */ = {
			isa = PBXGroup;
			children = (
				6FE6D2482AA0FF59002CFD2F /* smith.h */,
				6FE6D2492AA0FF59002CFD2F /* physpuppet.h */,
			);
			path = puaf;
			sourceTree = "<group>";
		};
		6FE6D24C2AA0FF59002CFD2F /* fun */ = {
			isa = PBXGroup;
			children = (
				6FE6D24D2AA0FF59002CFD2F /* thanks_opa334dev_htrowii.h */,
				6FE6D24E2AA0FF59002CFD2F /* utils.h */,
				6FE6D24F2AA0FF59002CFD2F /* vnode.h */,
				6FE6D2502AA0FF59002CFD2F /* proc.h */,
				6FE6D2512AA0FF59002CFD2F /* offsets.h */,
				6FE6D2522AA0FF59002CFD2F /* krw.h */,
				6FE6D2532AA0FF59002CFD2F /* fun.m */,
				6FE6D2542AA0FF59002CFD2F /* vm_unaligned_copy_switch_race.c */,
				6FE6D2552AA0FF59002CFD2F /* grant_full_disk_access.m */,
				6FE6D2562AA0FF59002CFD2F /* helpers.m */,
				6FE6D2572AA0FF59002CFD2F /* utils.m */,
				6FE6D2582AA0FF59002CFD2F /* thanks_opa334dev_htrowii.m */,
				6FE6D2592AA0FF59002CFD2F /* krw.c */,
				6FE6D25A2AA0FF59002CFD2F /* offsets.m */,
				6FE6D25B2AA0FF59002CFD2F /* vnode.c */,
				6FE6D25C2AA0FF59002CFD2F /* vnode.m */,
				6FE6D25D2AA0FF59002CFD2F /* proc.c */,
				6FE6D25E2AA0FF59002CFD2F /* fun.h */,
				6FE6D25F2AA0FF59002CFD2F /* vm_unaligned_copy_switch_race.h */,
				6FE6D2602AA0FF59002CFD2F /* helpers.h */,
				6FE6D2612AA0FF59002CFD2F /* grant_full_disk_access.h */,
			);
			path = fun;
			sourceTree = "<group>";
		};
/* End PBXGroup section */

/* Begin PBXNativeTarget section */
		6FE6D1FC2AA040A4002CFD2F /* Cardinal */ = {
			isa = PBXNativeTarget;
			buildConfigurationList = 6FE6D20B2AA040A5002CFD2F /* Build configuration list for PBXNativeTarget "Cardinal" */;
			buildPhases = (
				6FE6D1F92AA040A4002CFD2F /* Sources */,
				6FE6D1FA2AA040A4002CFD2F /* Frameworks */,
				6FE6D1FB2AA040A4002CFD2F /* Resources */,
			);
			buildRules = (
			);
			dependencies = (
				6FE6D22C2AA0CBB8002CFD2F /* PBXTargetDependency */,
			);
			name = Cardinal;
			packageProductDependencies = (
				6FE6D2342AA0D45C002CFD2F /* ACarousel */,
			);
			productName = Cardinal;
			productReference = 6FE6D1FD2AA040A4002CFD2F /* Cardinal.app */;
			productType = "com.apple.product-type.application";
		};
		6FE6D2112AA040E3002CFD2F /* MacDirtyCowSwift */ = {
			isa = PBXNativeTarget;
			buildConfigurationList = 6FE6D2162AA040E3002CFD2F /* Build configuration list for PBXNativeTarget "MacDirtyCowSwift" */;
			buildPhases = (
				6FE6D20E2AA040E3002CFD2F /* Sources */,
				6FE6D20F2AA040E3002CFD2F /* Frameworks */,
				6FE6D2102AA040E3002CFD2F /* CopyFiles */,
			);
			buildRules = (
			);
			dependencies = (
			);
			name = MacDirtyCowSwift;
			productName = MacDirtyCowSwift;
			productReference = 6FE6D2122AA040E3002CFD2F /* libMacDirtyCowSwift.a */;
			productType = "com.apple.product-type.library.static";
		};
/* End PBXNativeTarget section */

/* Begin PBXProject section */
		6FE6D1F52AA040A4002CFD2F /* Project object */ = {
			isa = PBXProject;
			attributes = {
				BuildIndependentTargetsInParallel = 1;
				LastSwiftUpdateCheck = 1430;
				LastUpgradeCheck = 1430;
				TargetAttributes = {
					6FE6D1FC2AA040A4002CFD2F = {
						CreatedOnToolsVersion = 14.3;
					};
					6FE6D2112AA040E3002CFD2F = {
						CreatedOnToolsVersion = 14.3;
					};
				};
			};
			buildConfigurationList = 6FE6D1F82AA040A4002CFD2F /* Build configuration list for PBXProject "Cardinal" */;
			compatibilityVersion = "Xcode 14.0";
			developmentRegion = en;
			hasScannedForEncodings = 0;
			knownRegions = (
				en,
				Base,
			);
			mainGroup = 6FE6D1F42AA040A4002CFD2F;
			packageReferences = (
				6FE6D2332AA0D45C002CFD2F /* XCRemoteSwiftPackageReference "ACarousel" */,
			);
			productRefGroup = 6FE6D1FE2AA040A4002CFD2F /* Products */;
			projectDirPath = "";
			projectRoot = "";
			targets = (
				6FE6D1FC2AA040A4002CFD2F /* Cardinal */,
				6FE6D2112AA040E3002CFD2F /* MacDirtyCowSwift */,
			);
		};
/* End PBXProject section */

/* Begin PBXResourcesBuildPhase section */
		6FE6D1FB2AA040A4002CFD2F /* Resources */ = {
			isa = PBXResourcesBuildPhase;
			buildActionMask = 2147483647;
			files = (
				6FE6D2082AA040A5002CFD2F /* Preview Assets.xcassets in Resources */,
				6FE6D2052AA040A5002CFD2F /* Assets.xcassets in Resources */,
			);
			runOnlyForDeploymentPostprocessing = 0;
		};
/* End PBXResourcesBuildPhase section */

/* Begin PBXSourcesBuildPhase section */
		6FE6D1F92AA040A4002CFD2F /* Sources */ = {
			isa = PBXSourcesBuildPhase;
			buildActionMask = 2147483647;
			files = (
				6FE6D2302AA0CD1C002CFD2F /* ImagePickerView.swift in Sources */,
				6FE6D2032AA040A4002CFD2F /* ContentView.swift in Sources */,
				6FE6D2672AA0FF59002CFD2F /* utils.m in Sources */,
				6FE6D22E2AA0CBFB002CFD2F /* CardView.swift in Sources */,
				6FE6D2012AA040A4002CFD2F /* CardinalApp.swift in Sources */,
				6FE6D2372AA0D690002CFD2F /* Alert++.swift in Sources */,
				6FE6D2322AA0CD7C002CFD2F /* MainCardController.swift in Sources */,
				6FE6D2642AA0FF59002CFD2F /* vm_unaligned_copy_switch_race.c in Sources */,
				6FE6D2692AA0FF59002CFD2F /* krw.c in Sources */,
				6FE6D2632AA0FF59002CFD2F /* fun.m in Sources */,
				6FE6D2652AA0FF59002CFD2F /* grant_full_disk_access.m in Sources */,
				6FE6D2662AA0FF59002CFD2F /* helpers.m in Sources */,
				6FE6D26A2AA0FF59002CFD2F /* offsets.m in Sources */,
				6FE6D26D2AA0FF59002CFD2F /* proc.c in Sources */,
				6FE6D26C2AA0FF59002CFD2F /* vnode.m in Sources */,
				6FE6D2682AA0FF59002CFD2F /* thanks_opa334dev_htrowii.m in Sources */,
			);
			runOnlyForDeploymentPostprocessing = 0;
		};
		6FE6D20E2AA040E3002CFD2F /* Sources */ = {
			isa = PBXSourcesBuildPhase;
			buildActionMask = 2147483647;
			files = (
				6FE6D2222AA040FD002CFD2F /* vm_unaligned_copy_switch_race.c in Sources */,
				6FE6D2252AA040FD002CFD2F /* Wrappers.swift in Sources */,
				6FE6D2152AA040E3002CFD2F /* MacDirtyCowSwift.swift in Sources */,
				6FE6D2232AA040FD002CFD2F /* grant_full_disk_access.m in Sources */,
				6FE6D2242AA040FD002CFD2F /* helpers.m in Sources */,
			);
			runOnlyForDeploymentPostprocessing = 0;
		};
/* End PBXSourcesBuildPhase section */

/* Begin PBXTargetDependency section */
		6FE6D22C2AA0CBB8002CFD2F /* PBXTargetDependency */ = {
			isa = PBXTargetDependency;
			target = 6FE6D2112AA040E3002CFD2F /* MacDirtyCowSwift */;
			targetProxy = 6FE6D22B2AA0CBB8002CFD2F /* PBXContainerItemProxy */;
		};
/* End PBXTargetDependency section */

/* Begin XCBuildConfiguration section */
		6FE6D2092AA040A5002CFD2F /* Debug */ = {
			isa = XCBuildConfiguration;
			buildSettings = {
				ALWAYS_SEARCH_USER_PATHS = NO;
				CLANG_ANALYZER_NONNULL = YES;
				CLANG_ANALYZER_NUMBER_OBJECT_CONVERSION = YES_AGGRESSIVE;
				CLANG_CXX_LANGUAGE_STANDARD = "gnu++20";
				CLANG_ENABLE_MODULES = YES;
				CLANG_ENABLE_OBJC_ARC = YES;
				CLANG_ENABLE_OBJC_WEAK = YES;
				CLANG_WARN_BLOCK_CAPTURE_AUTORELEASING = YES;
				CLANG_WARN_BOOL_CONVERSION = YES;
				CLANG_WARN_COMMA = YES;
				CLANG_WARN_CONSTANT_CONVERSION = YES;
				CLANG_WARN_DEPRECATED_OBJC_IMPLEMENTATIONS = YES;
				CLANG_WARN_DIRECT_OBJC_ISA_USAGE = YES_ERROR;
				CLANG_WARN_DOCUMENTATION_COMMENTS = YES;
				CLANG_WARN_EMPTY_BODY = YES;
				CLANG_WARN_ENUM_CONVERSION = YES;
				CLANG_WARN_INFINITE_RECURSION = YES;
				CLANG_WARN_INT_CONVERSION = YES;
				CLANG_WARN_NON_LITERAL_NULL_CONVERSION = YES;
				CLANG_WARN_OBJC_IMPLICIT_RETAIN_SELF = YES;
				CLANG_WARN_OBJC_LITERAL_CONVERSION = YES;
				CLANG_WARN_OBJC_ROOT_CLASS = YES_ERROR;
				CLANG_WARN_QUOTED_INCLUDE_IN_FRAMEWORK_HEADER = YES;
				CLANG_WARN_RANGE_LOOP_ANALYSIS = YES;
				CLANG_WARN_STRICT_PROTOTYPES = YES;
				CLANG_WARN_SUSPICIOUS_MOVE = YES;
				CLANG_WARN_UNGUARDED_AVAILABILITY = YES_AGGRESSIVE;
				CLANG_WARN_UNREACHABLE_CODE = YES;
				CLANG_WARN__DUPLICATE_METHOD_MATCH = YES;
				COPY_PHASE_STRIP = NO;
				DEBUG_INFORMATION_FORMAT = dwarf;
				ENABLE_STRICT_OBJC_MSGSEND = YES;
				ENABLE_TESTABILITY = YES;
				GCC_C_LANGUAGE_STANDARD = gnu11;
				GCC_DYNAMIC_NO_PIC = NO;
				GCC_NO_COMMON_BLOCKS = YES;
				GCC_OPTIMIZATION_LEVEL = 0;
				GCC_PREPROCESSOR_DEFINITIONS = (
					"DEBUG=1",
					"$(inherited)",
				);
				GCC_WARN_64_TO_32_BIT_CONVERSION = YES;
				GCC_WARN_ABOUT_RETURN_TYPE = YES_ERROR;
				GCC_WARN_UNDECLARED_SELECTOR = YES;
				GCC_WARN_UNINITIALIZED_AUTOS = YES_AGGRESSIVE;
				GCC_WARN_UNUSED_FUNCTION = YES;
				GCC_WARN_UNUSED_VARIABLE = YES;
				INFOPLIST_KEY_NSAppleMusicUsageDescription = "Grant read/write permission (needed in order to read/write to the card).";
				IPHONEOS_DEPLOYMENT_TARGET = 15.0;
				MTL_ENABLE_DEBUG_INFO = INCLUDE_SOURCE;
				MTL_FAST_MATH = YES;
				ONLY_ACTIVE_ARCH = YES;
				SDKROOT = iphoneos;
				SWIFT_ACTIVE_COMPILATION_CONDITIONS = DEBUG;
				SWIFT_OBJC_BRIDGING_HEADER = "Cardinal/Cardinal-Bridging-Header.h";
				SWIFT_OPTIMIZATION_LEVEL = "-Onone";
			};
			name = Debug;
		};
		6FE6D20A2AA040A5002CFD2F /* Release */ = {
			isa = XCBuildConfiguration;
			buildSettings = {
				ALWAYS_SEARCH_USER_PATHS = NO;
				CLANG_ANALYZER_NONNULL = YES;
				CLANG_ANALYZER_NUMBER_OBJECT_CONVERSION = YES_AGGRESSIVE;
				CLANG_CXX_LANGUAGE_STANDARD = "gnu++20";
				CLANG_ENABLE_MODULES = YES;
				CLANG_ENABLE_OBJC_ARC = YES;
				CLANG_ENABLE_OBJC_WEAK = YES;
				CLANG_WARN_BLOCK_CAPTURE_AUTORELEASING = YES;
				CLANG_WARN_BOOL_CONVERSION = YES;
				CLANG_WARN_COMMA = YES;
				CLANG_WARN_CONSTANT_CONVERSION = YES;
				CLANG_WARN_DEPRECATED_OBJC_IMPLEMENTATIONS = YES;
				CLANG_WARN_DIRECT_OBJC_ISA_USAGE = YES_ERROR;
				CLANG_WARN_DOCUMENTATION_COMMENTS = YES;
				CLANG_WARN_EMPTY_BODY = YES;
				CLANG_WARN_ENUM_CONVERSION = YES;
				CLANG_WARN_INFINITE_RECURSION = YES;
				CLANG_WARN_INT_CONVERSION = YES;
				CLANG_WARN_NON_LITERAL_NULL_CONVERSION = YES;
				CLANG_WARN_OBJC_IMPLICIT_RETAIN_SELF = YES;
				CLANG_WARN_OBJC_LITERAL_CONVERSION = YES;
				CLANG_WARN_OBJC_ROOT_CLASS = YES_ERROR;
				CLANG_WARN_QUOTED_INCLUDE_IN_FRAMEWORK_HEADER = YES;
				CLANG_WARN_RANGE_LOOP_ANALYSIS = YES;
				CLANG_WARN_STRICT_PROTOTYPES = YES;
				CLANG_WARN_SUSPICIOUS_MOVE = YES;
				CLANG_WARN_UNGUARDED_AVAILABILITY = YES_AGGRESSIVE;
				CLANG_WARN_UNREACHABLE_CODE = YES;
				CLANG_WARN__DUPLICATE_METHOD_MATCH = YES;
				COPY_PHASE_STRIP = NO;
				DEBUG_INFORMATION_FORMAT = "dwarf-with-dsym";
				ENABLE_NS_ASSERTIONS = NO;
				ENABLE_STRICT_OBJC_MSGSEND = YES;
				GCC_C_LANGUAGE_STANDARD = gnu11;
				GCC_NO_COMMON_BLOCKS = YES;
				GCC_WARN_64_TO_32_BIT_CONVERSION = YES;
				GCC_WARN_ABOUT_RETURN_TYPE = YES_ERROR;
				GCC_WARN_UNDECLARED_SELECTOR = YES;
				GCC_WARN_UNINITIALIZED_AUTOS = YES_AGGRESSIVE;
				GCC_WARN_UNUSED_FUNCTION = YES;
				GCC_WARN_UNUSED_VARIABLE = YES;
				INFOPLIST_KEY_NSAppleMusicUsageDescription = "Grant read/write permission (needed in order to read/write to the card).";
				IPHONEOS_DEPLOYMENT_TARGET = 15.0;
				MTL_ENABLE_DEBUG_INFO = NO;
				MTL_FAST_MATH = YES;
				SDKROOT = iphoneos;
				SWIFT_COMPILATION_MODE = wholemodule;
				SWIFT_OBJC_BRIDGING_HEADER = "Cardinal/Cardinal-Bridging-Header.h";
				SWIFT_OPTIMIZATION_LEVEL = "-O";
				VALIDATE_PRODUCT = YES;
			};
			name = Release;
		};
		6FE6D20C2AA040A5002CFD2F /* Debug */ = {
			isa = XCBuildConfiguration;
			buildSettings = {
				ASSETCATALOG_COMPILER_APPICON_NAME = AppIcon;
				ASSETCATALOG_COMPILER_GLOBAL_ACCENT_COLOR_NAME = AccentColor;
				CODE_SIGN_STYLE = Automatic;
				CURRENT_PROJECT_VERSION = 1;
				DEVELOPMENT_ASSET_PATHS = "\"Cardinal/Preview Content\"";
				DEVELOPMENT_TEAM = 2P4CP47H76;
				ENABLE_PREVIEWS = YES;
				GENERATE_INFOPLIST_FILE = YES;
				INFOPLIST_KEY_NSAppleMusicUsageDescription = "Grant read/write permission (needed in order to read/write to the card).";
				INFOPLIST_KEY_UIApplicationSceneManifest_Generation = YES;
				INFOPLIST_KEY_UIApplicationSupportsIndirectInputEvents = YES;
				INFOPLIST_KEY_UILaunchScreen_Generation = YES;
				INFOPLIST_KEY_UISupportedInterfaceOrientations_iPad = "UIInterfaceOrientationPortrait UIInterfaceOrientationPortraitUpsideDown UIInterfaceOrientationLandscapeLeft UIInterfaceOrientationLandscapeRight";
				INFOPLIST_KEY_UISupportedInterfaceOrientations_iPhone = "UIInterfaceOrientationPortrait UIInterfaceOrientationLandscapeLeft UIInterfaceOrientationLandscapeRight";
				IPHONEOS_DEPLOYMENT_TARGET = 15.0;
				LD_RUNPATH_SEARCH_PATHS = (
					"$(inherited)",
					"@executable_path/Frameworks",
				);
				MARKETING_VERSION = 1.0;
				PRODUCT_BUNDLE_IDENTIFIER = com.leminlimez.Cardinal;
				PRODUCT_NAME = "$(TARGET_NAME)";
				SWIFT_EMIT_LOC_STRINGS = YES;
				SWIFT_OBJC_BRIDGING_HEADER = "Cardinal/Cardinal-Bridging-Header.h";
				SWIFT_VERSION = 5.0;
				TARGETED_DEVICE_FAMILY = "1,2";
			};
			name = Debug;
		};
		6FE6D20D2AA040A5002CFD2F /* Release */ = {
			isa = XCBuildConfiguration;
			buildSettings = {
				ASSETCATALOG_COMPILER_APPICON_NAME = AppIcon;
				ASSETCATALOG_COMPILER_GLOBAL_ACCENT_COLOR_NAME = AccentColor;
				CODE_SIGN_STYLE = Automatic;
				CURRENT_PROJECT_VERSION = 1;
				DEVELOPMENT_ASSET_PATHS = "\"Cardinal/Preview Content\"";
				DEVELOPMENT_TEAM = 2P4CP47H76;
				ENABLE_PREVIEWS = YES;
				GENERATE_INFOPLIST_FILE = YES;
				INFOPLIST_KEY_NSAppleMusicUsageDescription = "Grant read/write permission (needed in order to read/write to the card).";
				INFOPLIST_KEY_UIApplicationSceneManifest_Generation = YES;
				INFOPLIST_KEY_UIApplicationSupportsIndirectInputEvents = YES;
				INFOPLIST_KEY_UILaunchScreen_Generation = YES;
				INFOPLIST_KEY_UISupportedInterfaceOrientations_iPad = "UIInterfaceOrientationPortrait UIInterfaceOrientationPortraitUpsideDown UIInterfaceOrientationLandscapeLeft UIInterfaceOrientationLandscapeRight";
				INFOPLIST_KEY_UISupportedInterfaceOrientations_iPhone = "UIInterfaceOrientationPortrait UIInterfaceOrientationLandscapeLeft UIInterfaceOrientationLandscapeRight";
				IPHONEOS_DEPLOYMENT_TARGET = 15.0;
				LD_RUNPATH_SEARCH_PATHS = (
					"$(inherited)",
					"@executable_path/Frameworks",
				);
				MARKETING_VERSION = 1.0;
				PRODUCT_BUNDLE_IDENTIFIER = com.leminlimez.Cardinal;
				PRODUCT_NAME = "$(TARGET_NAME)";
				SWIFT_EMIT_LOC_STRINGS = YES;
				SWIFT_OBJC_BRIDGING_HEADER = "Cardinal/Cardinal-Bridging-Header.h";
				SWIFT_VERSION = 5.0;
				TARGETED_DEVICE_FAMILY = "1,2";
			};
			name = Release;
		};
		6FE6D2172AA040E3002CFD2F /* Debug */ = {
			isa = XCBuildConfiguration;
			buildSettings = {
				CODE_SIGN_STYLE = Automatic;
				DEVELOPMENT_TEAM = 2P4CP47H76;
				IPHONEOS_DEPLOYMENT_TARGET = 15.0;
				OTHER_LDFLAGS = "-ObjC";
				PRODUCT_NAME = "$(TARGET_NAME)";
				SKIP_INSTALL = YES;
				SWIFT_OBJC_BRIDGING_HEADER = "MacDirtyCowSwift/MacDirtyCowSwift-Bridging-Header.h";
				SWIFT_VERSION = 5.0;
				TARGETED_DEVICE_FAMILY = "1,2";
			};
			name = Debug;
		};
		6FE6D2182AA040E3002CFD2F /* Release */ = {
			isa = XCBuildConfiguration;
			buildSettings = {
				CODE_SIGN_STYLE = Automatic;
				DEVELOPMENT_TEAM = 2P4CP47H76;
				IPHONEOS_DEPLOYMENT_TARGET = 15.0;
				OTHER_LDFLAGS = "-ObjC";
				PRODUCT_NAME = "$(TARGET_NAME)";
				SKIP_INSTALL = YES;
				SWIFT_OBJC_BRIDGING_HEADER = "MacDirtyCowSwift/MacDirtyCowSwift-Bridging-Header.h";
				SWIFT_VERSION = 5.0;
				TARGETED_DEVICE_FAMILY = "1,2";
			};
			name = Release;
		};
/* End XCBuildConfiguration section */

/* Begin XCConfigurationList section */
		6FE6D1F82AA040A4002CFD2F /* Build configuration list for PBXProject "Cardinal" */ = {
			isa = XCConfigurationList;
			buildConfigurations = (
				6FE6D2092AA040A5002CFD2F /* Debug */,
				6FE6D20A2AA040A5002CFD2F /* Release */,
			);
			defaultConfigurationIsVisible = 0;
			defaultConfigurationName = Release;
		};
		6FE6D20B2AA040A5002CFD2F /* Build configuration list for PBXNativeTarget "Cardinal" */ = {
			isa = XCConfigurationList;
			buildConfigurations = (
				6FE6D20C2AA040A5002CFD2F /* Debug */,
				6FE6D20D2AA040A5002CFD2F /* Release */,
			);
			defaultConfigurationIsVisible = 0;
			defaultConfigurationName = Release;
		};
		6FE6D2162AA040E3002CFD2F /* Build configuration list for PBXNativeTarget "MacDirtyCowSwift" */ = {
			isa = XCConfigurationList;
			buildConfigurations = (
				6FE6D2172AA040E3002CFD2F /* Debug */,
				6FE6D2182AA040E3002CFD2F /* Release */,
			);
			defaultConfigurationIsVisible = 0;
			defaultConfigurationName = Release;
		};
/* End XCConfigurationList section */

/* Begin XCRemoteSwiftPackageReference section */
		6FE6D2332AA0D45C002CFD2F /* XCRemoteSwiftPackageReference "ACarousel" */ = {
			isa = XCRemoteSwiftPackageReference;
			repositoryURL = "https://github.com/JWAutumn/ACarousel";
			requirement = {
				kind = upToNextMajorVersion;
				minimumVersion = 0.2.0;
			};
		};
/* End XCRemoteSwiftPackageReference section */

/* Begin XCSwiftPackageProductDependency section */
		6FE6D2342AA0D45C002CFD2F /* ACarousel */ = {
			isa = XCSwiftPackageProductDependency;
			package = 6FE6D2332AA0D45C002CFD2F /* XCRemoteSwiftPackageReference "ACarousel" */;
			productName = ACarousel;
		};
/* End XCSwiftPackageProductDependency section */
	};
	rootObject = 6FE6D1F52AA040A4002CFD2F /* Project object */;
}
